{
  "name": "vercel-edge-conditions-test",
  "version": "1.0.0",
  "lockfileVersion": 3,
  "requires": true,
  "packages": {
    "": {
      "name": "vercel-edge-conditions-test",
      "version": "1.0.0",
      "dependencies": {
        "@nitedani/vercel-edge-conditions": "1.0.2"
      }
    },
    "node_modules/@nitedani/vercel-edge-conditions": {
      "version": "1.0.2",
      "resolved": "https://registry.npmjs.org/@nitedani/vercel-edge-conditions/-/vercel-edge-conditions-1.0.2.tgz",
      "integrity": "sha512-AXQjIRrrgLjEkCDqww2zfdn7iMlgZuTulQKDj5H5mrUAb14POe10g+zje1bG7PvZptEGvzeuyFAY33T5b3PM5A=="
    }
  }
}
